
Microsoft Visual Studio Solution File, Format Version 12.00
# Visual Studio Version 17
VisualStudioVersion = 17.2.32519.379
MinimumVisualStudioVersion = 10.0.40219.1
Project("{9A19103F-16F7-4668-BE54-9A1E7A4F7556}") = "ContactList", "ContactList\ContactList.csproj", "{84E8A11A-B807-4464-8CFC-5149F97D8D6B}"
EndProject
Global
	GlobalSection(SolutionConfigurationPlatforms) = preSolution
		Debug|Any CPU = Debug|Any CPU
		Release|Any CPU = Release|Any CPU
	EndGlobalSection
	GlobalSection(ProjectConfigurationPlatforms) = postSolution
		{84E8A11A-B807-4464-8CFC-5149F97D8D6B}.Debug|Any CPU.ActiveCfg = Debug|Any CPU
		{84E8A11A-B807-4464-8CFC-5149F97D8D6B}.Debug|Any CPU.Build.0 = Debug|Any CPU
		{84E8A11A-B807-4464-8CFC-5149F97D8D6B}.Release|Any CPU.ActiveCfg = Release|Any CPU
		{84E8A11A-B807-4464-8CFC-5149F97D8D6B}.Release|Any CPU.Build.0 = Release|Any CPU
	EndGlobalSection
	GlobalSection(SolutionProperties) = preSolution
		HideSolutionNode = FALSE
	EndGlobalSection
	GlobalSection(ExtensibilityGlobals) = postSolution
		SolutionGuid = {849B91A8-09A6-4ADD-B14E-B31D82BDAE71}
	EndGlobalSection
EndGlobal
